
Microsoft Visual Studio Solution File, Format Version 12.00
# Visual Studio Version 17
VisualStudioVersion = 17.14.36202.13 d17.14
MinimumVisualStudioVersion = 10.0.40219.1
Project("{8BC9CEB8-8B4A-11D0-8D11-00A0C91BC942}") = "Acorn", "Acorn\Acorn.vcxproj", "{CCEE447A-D3AD-A6DA-B97C-7800007D6D22}"
EndProject
Global
	GlobalSection(SolutionConfigurationPlatforms) = preSolution
		Debug|x64 = Debug|x64
		Release|x64 = Release|x64
	EndGlobalSection
	GlobalSection(ProjectConfigurationPlatforms) = postSolution
		{CCEE447A-D3AD-A6DA-B97C-7800007D6D22}.Debug|x64.ActiveCfg = Debug|x64
		{CCEE447A-D3AD-A6DA-B97C-7800007D6D22}.Debug|x64.Build.0 = Debug|x64
		{CCEE447A-D3AD-A6DA-B97C-7800007D6D22}.Release|x64.ActiveCfg = Release|x64
		{CCEE447A-D3AD-A6DA-B97C-7800007D6D22}.Release|x64.Build.0 = Release|x64
	EndGlobalSection
	GlobalSection(SolutionProperties) = preSolution
		HideSolutionNode = FALSE
	EndGlobalSection
	GlobalSection(ExtensibilityGlobals) = postSolution
		SolutionGuid = {D351C466-09C4-4E3D-9B7B-D59B01BD490C}
	EndGlobalSection
EndGlobal
